
Microsoft Visual Studio Solution File, Format Version 12.00
# Visual Studio 2012
Project("{F2A71F9B-5D33-465A-A702-920D77279786}") = "HwProj2", "HwProj2\HwProj2.fsproj", "{C07DCA80-E199-4266-BE8E-CFD130D7E77B}"
EndProject
Project("{FAE04EC0-301F-11D3-BF4B-00C04F79EFBC}") = "DataManager", "DataManager\DataManager.csproj", "{96EE7E4D-F603-462D-9BCB-7B6E7C4EFBFD}"
EndProject
Project("{FAE04EC0-301F-11D3-BF4B-00C04F79EFBC}") = "DbTesting", "DbTesting\DbTesting.csproj", "{4116A781-392A-46CA-B806-718AD44B8BAB}"
EndProject
Global
	GlobalSection(SolutionConfigurationPlatforms) = preSolution
		Debug|Any CPU = Debug|Any CPU
		Release|Any CPU = Release|Any CPU
	EndGlobalSection
	GlobalSection(ProjectConfigurationPlatforms) = postSolution
		{C07DCA80-E199-4266-BE8E-CFD130D7E77B}.Debug|Any CPU.ActiveCfg = Debug|Any CPU
		{C07DCA80-E199-4266-BE8E-CFD130D7E77B}.Debug|Any CPU.Build.0 = Debug|Any CPU
		{C07DCA80-E199-4266-BE8E-CFD130D7E77B}.Release|Any CPU.ActiveCfg = Release|Any CPU
		{C07DCA80-E199-4266-BE8E-CFD130D7E77B}.Release|Any CPU.Build.0 = Release|Any CPU
		{96EE7E4D-F603-462D-9BCB-7B6E7C4EFBFD}.Debug|Any CPU.ActiveCfg = Debug|Any CPU
		{96EE7E4D-F603-462D-9BCB-7B6E7C4EFBFD}.Debug|Any CPU.Build.0 = Debug|Any CPU
		{96EE7E4D-F603-462D-9BCB-7B6E7C4EFBFD}.Release|Any CPU.ActiveCfg = Release|Any CPU
		{96EE7E4D-F603-462D-9BCB-7B6E7C4EFBFD}.Release|Any CPU.Build.0 = Release|Any CPU
		{4116A781-392A-46CA-B806-718AD44B8BAB}.Debug|Any CPU.ActiveCfg = Debug|Any CPU
		{4116A781-392A-46CA-B806-718AD44B8BAB}.Debug|Any CPU.Build.0 = Debug|Any CPU
		{4116A781-392A-46CA-B806-718AD44B8BAB}.Release|Any CPU.ActiveCfg = Release|Any CPU
		{4116A781-392A-46CA-B806-718AD44B8BAB}.Release|Any CPU.Build.0 = Release|Any CPU
	EndGlobalSection
EndGlobal
